// !$*UTF8*$!
{
	archiveVersion = 1;
	classes = {
	};
	objectVersion = 56;
	objects = {

/* Begin PBXBuildFile section */
		4C415C5329733218004CE044 /* BibleAIApp.swift in Sources */ = {isa = PBXBuildFile; fileRef = 4C415C5229733218004CE044 /* BibleAIApp.swift */; };
		4C415C5529733218004CE044 /* ContentView.swift in Sources */ = {isa = PBXBuildFile; fileRef = 4C415C5429733218004CE044 /* ContentView.swift */; };
		4C415C5729733219004CE044 /* Assets.xcassets in Resources */ = {isa = PBXBuildFile; fileRef = 4C415C5629733219004CE044 /* Assets.xcassets */; };
		4C415C5A29733219004CE044 /* Preview Assets.xcassets in Resources */ = {isa = PBXBuildFile; fileRef = 4C415C5929733219004CE044 /* Preview Assets.xcassets */; };
		4C415C6429733219004CE044 /* BibleAITests.swift in Sources */ = {isa = PBXBuildFile; fileRef = 4C415C6329733219004CE044 /* BibleAITests.swift */; };
		4C415C6E2973321A004CE044 /* BibleAIUITests.swift in Sources */ = {isa = PBXBuildFile; fileRef = 4C415C6D2973321A004CE044 /* BibleAIUITests.swift */; };
		4C415C702973321A004CE044 /* BibleAIUITestsLaunchTests.swift in Sources */ = {isa = PBXBuildFile; fileRef = 4C415C6F2973321A004CE044 /* BibleAIUITestsLaunchTests.swift */; };
		4C415C7E29733252004CE044 /* OpenAISwift in Frameworks */ = {isa = PBXBuildFile; productRef = 4C415C7D29733252004CE044 /* OpenAISwift */; };
/* End PBXBuildFile section */

/* Begin PBXContainerItemProxy section */
		4C415C6029733219004CE044 /* PBXContainerItemProxy */ = {
			isa = PBXContainerItemProxy;
			containerPortal = 4C415C4729733218004CE044 /* Project object */;
			proxyType = 1;
			remoteGlobalIDString = 4C415C4E29733218004CE044;
			remoteInfo = BibleAI;
		};
		4C415C6A2973321A004CE044 /* PBXContainerItemProxy */ = {
			isa = PBXContainerItemProxy;
			containerPortal = 4C415C4729733218004CE044 /* Project object */;
			proxyType = 1;
			remoteGlobalIDString = 4C415C4E29733218004CE044;
			remoteInfo = BibleAI;
		};
/* End PBXContainerItemProxy section */

/* Begin PBXFileReference section */
		4C415C4F29733218004CE044 /* BibleAI.app */ = {isa = PBXFileReference; explicitFileType = wrapper.application; includeInIndex = 0; path = BibleAI.app; sourceTree = BUILT_PRODUCTS_DIR; };
		4C415C5229733218004CE044 /* BibleAIApp.swift */ = {isa = PBXFileReference; lastKnownFileType = sourcecode.swift; path = BibleAIApp.swift; sourceTree = "<group>"; };
		4C415C5429733218004CE044 /* ContentView.swift */ = {isa = PBXFileReference; lastKnownFileType = sourcecode.swift; path = ContentView.swift; sourceTree = "<group>"; };
		4C415C5629733219004CE044 /* Assets.xcassets */ = {isa = PBXFileReference; lastKnownFileType = folder.assetcatalog; path = Assets.xcassets; sourceTree = "<group>"; };
		4C415C5929733219004CE044 /* Preview Assets.xcassets */ = {isa = PBXFileReference; lastKnownFileType = folder.assetcatalog; path = "Preview Assets.xcassets"; sourceTree = "<group>"; };
		4C415C5F29733219004CE044 /* BibleAITests.xctest */ = {isa = PBXFileReference; explicitFileType = wrapper.cfbundle; includeInIndex = 0; path = BibleAITests.xctest; sourceTree = BUILT_PRODUCTS_DIR; };
		4C415C6329733219004CE044 /* BibleAITests.swift */ = {isa = PBXFileReference; lastKnownFileType = sourcecode.swift; path = BibleAITests.swift; sourceTree = "<group>"; };
		4C415C692973321A004CE044 /* BibleAIUITests.xctest */ = {isa = PBXFileReference; explicitFileType = wrapper.cfbundle; includeInIndex = 0; path = BibleAIUITests.xctest; sourceTree = BUILT_PRODUCTS_DIR; };
		4C415C6D2973321A004CE044 /* BibleAIUITests.swift */ = {isa = PBXFileReference; lastKnownFileType = sourcecode.swift; path = BibleAIUITests.swift; sourceTree = "<group>"; };
		4C415C6F2973321A004CE044 /* BibleAIUITestsLaunchTests.swift */ = {isa = PBXFileReference; lastKnownFileType = sourcecode.swift; path = BibleAIUITestsLaunchTests.swift; sourceTree = "<group>"; };
/* End PBXFileReference section */

/* Begin PBXFrameworksBuildPhase section */
		4C415C4C29733218004CE044 /* Frameworks */ = {
			isa = PBXFrameworksBuildPhase;
			buildActionMask = 2147483647;
			files = (
				4C415C7E29733252004CE044 /* OpenAISwift in Frameworks */,
			);
			runOnlyForDeploymentPostprocessing = 0;
		};
		4C415C5C29733219004CE044 /* Frameworks */ = {
			isa = PBXFrameworksBuildPhase;
			buildActionMask = 2147483647;
			files = (
			);
			runOnlyForDeploymentPostprocessing = 0;
		};
		4C415C662973321A004CE044 /* Frameworks */ = {
			isa = PBXFrameworksBuildPhase;
			buildActionMask = 2147483647;
			files = (
			);
			runOnlyForDeploymentPostprocessing = 0;
		};
/* End PBXFrameworksBuildPhase section */

/* Begin PBXGroup section */
		4C415C4629733218004CE044 = {
			isa = PBXGroup;
			children = (
				4C415C5129733218004CE044 /* BibleAI */,
				4C415C6229733219004CE044 /* BibleAITests */,
				4C415C6C2973321A004CE044 /* BibleAIUITests */,
				4C415C5029733218004CE044 /* Products */,
			);
			sourceTree = "<group>";
		};
		4C415C5029733218004CE044 /* Products */ = {
			isa = PBXGroup;
			children = (
				4C415C4F29733218004CE044 /* BibleAI.app */,
				4C415C5F29733219004CE044 /* BibleAITests.xctest */,
				4C415C692973321A004CE044 /* BibleAIUITests.xctest */,
			);
			name = Products;
			sourceTree = "<group>";
		};
		4C415C5129733218004CE044 /* BibleAI */ = {
			isa = PBXGroup;
			children = (
				4C415C5229733218004CE044 /* BibleAIApp.swift */,
				4C415C5429733218004CE044 /* ContentView.swift */,
				4C415C5629733219004CE044 /* Assets.xcassets */,
				4C415C5829733219004CE044 /* Preview Content */,
			);
			path = BibleAI;
			sourceTree = "<group>";
		};
		4C415C5829733219004CE044 /* Preview Content */ = {
			isa = PBXGroup;
			children = (
				4C415C5929733219004CE044 /* Preview Assets.xcassets */,
			);
			path = "Preview Content";
			sourceTree = "<group>";
		};
		4C415C6229733219004CE044 /* BibleAITests */ = {
			isa = PBXGroup;
			children = (
				4C415C6329733219004CE044 /* BibleAITests.swift */,
			);
			path = BibleAITests;
			sourceTree = "<group>";
		};
		4C415C6C2973321A004CE044 /* BibleAIUITests */ = {
			isa = PBXGroup;
			children = (
				4C415C6D2973321A004CE044 /* BibleAIUITests.swift */,
				4C415C6F2973321A004CE044 /* BibleAIUITestsLaunchTests.swift */,
			);
			path = BibleAIUITests;
			sourceTree = "<group>";
		};
/* End PBXGroup section */

/* Begin PBXNativeTarget section */
		4C415C4E29733218004CE044 /* BibleAI */ = {
			isa = PBXNativeTarget;
			buildConfigurationList = 4C415C732973321A004CE044 /* Build configuration list for PBXNativeTarget "BibleAI" */;
			buildPhases = (
				4C415C4B29733218004CE044 /* Sources */,
				4C415C4C29733218004CE044 /* Frameworks */,
				4C415C4D29733218004CE044 /* Resources */,
			);
			buildRules = (
			);
			dependencies = (
			);
			name = BibleAI;
			packageProductDependencies = (
				4C415C7D29733252004CE044 /* OpenAISwift */,
			);
			productName = BibleAI;
			productReference = 4C415C4F29733218004CE044 /* BibleAI.app */;
			productType = "com.apple.product-type.application";
		};
		4C415C5E29733219004CE044 /* BibleAITests */ = {
			isa = PBXNativeTarget;
			buildConfigurationList = 4C415C762973321A004CE044 /* Build configuration list for PBXNativeTarget "BibleAITests" */;
			buildPhases = (
				4C415C5B29733219004CE044 /* Sources */,
				4C415C5C29733219004CE044 /* Frameworks */,
				4C415C5D29733219004CE044 /* Resources */,
			);
			buildRules = (
			);
			dependencies = (
				4C415C6129733219004CE044 /* PBXTargetDependency */,
			);
			name = BibleAITests;
			productName = BibleAITests;
			productReference = 4C415C5F29733219004CE044 /* BibleAITests.xctest */;
			productType = "com.apple.product-type.bundle.unit-test";
		};
		4C415C682973321A004CE044 /* BibleAIUITests */ = {
			isa = PBXNativeTarget;
			buildConfigurationList = 4C415C792973321A004CE044 /* Build configuration list for PBXNativeTarget "BibleAIUITests" */;
			buildPhases = (
				4C415C652973321A004CE044 /* Sources */,
				4C415C662973321A004CE044 /* Frameworks */,
				4C415C672973321A004CE044 /* Resources */,
			);
			buildRules = (
			);
			dependencies = (
				4C415C6B2973321A004CE044 /* PBXTargetDependency */,
			);
			name = BibleAIUITests;
			productName = BibleAIUITests;
			productReference = 4C415C692973321A004CE044 /* BibleAIUITests.xctest */;
			productType = "com.apple.product-type.bundle.ui-testing";
		};
/* End PBXNativeTarget section */

/* Begin PBXProject section */
		4C415C4729733218004CE044 /* Project object */ = {
			isa = PBXProject;
			attributes = {
				BuildIndependentTargetsInParallel = 1;
				LastSwiftUpdateCheck = 1420;
				LastUpgradeCheck = 1420;
				TargetAttributes = {
					4C415C4E29733218004CE044 = {
						CreatedOnToolsVersion = 14.2;
					};
					4C415C5E29733219004CE044 = {
						CreatedOnToolsVersion = 14.2;
						TestTargetID = 4C415C4E29733218004CE044;
					};
					4C415C682973321A004CE044 = {
						CreatedOnToolsVersion = 14.2;
						TestTargetID = 4C415C4E29733218004CE044;
					};
				};
			};
			buildConfigurationList = 4C415C4A29733218004CE044 /* Build configuration list for PBXProject "BibleAI" */;
			compatibilityVersion = "Xcode 14.0";
			developmentRegion = en;
			hasScannedForEncodings = 0;
			knownRegions = (
				en,
				Base,
			);
			mainGroup = 4C415C4629733218004CE044;
			packageReferences = (
				4C415C7C29733252004CE044 /* XCRemoteSwiftPackageReference "OpenAISwift" */,
			);
			productRefGroup = 4C415C5029733218004CE044 /* Products */;
			projectDirPath = "";
			projectRoot = "";
			targets = (
				4C415C4E29733218004CE044 /* BibleAI */,
				4C415C5E29733219004CE044 /* BibleAITests */,
				4C415C682973321A004CE044 /* BibleAIUITests */,
			);
		};
/* End PBXProject section */

/* Begin PBXResourcesBuildPhase section */
		4C415C4D29733218004CE044 /* Resources */ = {
			isa = PBXResourcesBuildPhase;
			buildActionMask = 2147483647;
			files = (
				4C415C5A29733219004CE044 /* Preview Assets.xcassets in Resources */,
				4C415C5729733219004CE044 /* Assets.xcassets in Resources */,
			);
			runOnlyForDeploymentPostprocessing = 0;
		};
		4C415C5D29733219004CE044 /* Resources */ = {
			isa = PBXResourcesBuildPhase;
			buildActionMask = 2147483647;
			files = (
			);
			runOnlyForDeploymentPostprocessing = 0;
		};
		4C415C672973321A004CE044 /* Resources */ = {
			isa = PBXResourcesBuildPhase;
			buildActionMask = 2147483647;
			files = (
			);
			runOnlyForDeploymentPostprocessing = 0;
		};
/* End PBXResourcesBuildPhase section */

/* Begin PBXSourcesBuildPhase section */
		4C415C4B29733218004CE044 /* Sources */ = {
			isa = PBXSourcesBuildPhase;
			buildActionMask = 2147483647;
			files = (
				4C415C5529733218004CE044 /* ContentView.swift in Sources */,
				4C415C5329733218004CE044 /* BibleAIApp.swift in Sources */,
			);
			runOnlyForDeploymentPostprocessing = 0;
		};
		4C415C5B29733219004CE044 /* Sources */ = {
			isa = PBXSourcesBuildPhase;
			buildActionMask = 2147483647;
			files = (
				4C415C6429733219004CE044 /* BibleAITests.swift in Sources */,
			);
			runOnlyForDeploymentPostprocessing = 0;
		};
		4C415C652973321A004CE044 /* Sources */ = {
			isa = PBXSourcesBuildPhase;
			buildActionMask = 2147483647;
			files = (
				4C415C6E2973321A004CE044 /* BibleAIUITests.swift in Sources */,
				4C415C702973321A004CE044 /* BibleAIUITestsLaunchTests.swift in Sources */,
			);
			runOnlyForDeploymentPostprocessing = 0;
		};
/* End PBXSourcesBuildPhase section */

/* Begin PBXTargetDependency section */
		4C415C6129733219004CE044 /* PBXTargetDependency */ = {
			isa = PBXTargetDependency;
			target = 4C415C4E29733218004CE044 /* BibleAI */;
			targetProxy = 4C415C6029733219004CE044 /* PBXContainerItemProxy */;
		};
		4C415C6B2973321A004CE044 /* PBXTargetDependency */ = {
			isa = PBXTargetDependency;
			target = 4C415C4E29733218004CE044 /* BibleAI */;
			targetProxy = 4C415C6A2973321A004CE044 /* PBXContainerItemProxy */;
		};
/* End PBXTargetDependency section */

/* Begin XCBuildConfiguration section */
		4C415C712973321A004CE044 /* Debug */ = {
			isa = XCBuildConfiguration;
			buildSettings = {
				ALWAYS_SEARCH_USER_PATHS = NO;
				CLANG_ANALYZER_NONNULL = YES;
				CLANG_ANALYZER_NUMBER_OBJECT_CONVERSION = YES_AGGRESSIVE;
				CLANG_CXX_LANGUAGE_STANDARD = "gnu++20";
				CLANG_ENABLE_MODULES = YES;
				CLANG_ENABLE_OBJC_ARC = YES;
				CLANG_ENABLE_OBJC_WEAK = YES;
				CLANG_WARN_BLOCK_CAPTURE_AUTORELEASING = YES;
				CLANG_WARN_BOOL_CONVERSION = YES;
				CLANG_WARN_COMMA = YES;
				CLANG_WARN_CONSTANT_CONVERSION = YES;
				CLANG_WARN_DEPRECATED_OBJC_IMPLEMENTATIONS = YES;
				CLANG_WARN_DIRECT_OBJC_ISA_USAGE = YES_ERROR;
				CLANG_WARN_DOCUMENTATION_COMMENTS = YES;
				CLANG_WARN_EMPTY_BODY = YES;
				CLANG_WARN_ENUM_CONVERSION = YES;
				CLANG_WARN_INFINITE_RECURSION = YES;
				CLANG_WARN_INT_CONVERSION = YES;
				CLANG_WARN_NON_LITERAL_NULL_CONVERSION = YES;
				CLANG_WARN_OBJC_IMPLICIT_RETAIN_SELF = YES;
				CLANG_WARN_OBJC_LITERAL_CONVERSION = YES;
				CLANG_WARN_OBJC_ROOT_CLASS = YES_ERROR;
				CLANG_WARN_QUOTED_INCLUDE_IN_FRAMEWORK_HEADER = YES;
				CLANG_WARN_RANGE_LOOP_ANALYSIS = YES;
				CLANG_WARN_STRICT_PROTOTYPES = YES;
				CLANG_WARN_SUSPICIOUS_MOVE = YES;
				CLANG_WARN_UNGUARDED_AVAILABILITY = YES_AGGRESSIVE;
				CLANG_WARN_UNREACHABLE_CODE = YES;
				CLANG_WARN__DUPLICATE_METHOD_MATCH = YES;
				COPY_PHASE_STRIP = NO;
				DEBUG_INFORMATION_FORMAT = dwarf;
				ENABLE_STRICT_OBJC_MSGSEND = YES;
				ENABLE_TESTABILITY = YES;
				GCC_C_LANGUAGE_STANDARD = gnu11;
				GCC_DYNAMIC_NO_PIC = NO;
				GCC_NO_COMMON_BLOCKS = YES;
				GCC_OPTIMIZATION_LEVEL = 0;
				GCC_PREPROCESSOR_DEFINITIONS = (
					"DEBUG=1",
					"$(inherited)",
				);
				GCC_WARN_64_TO_32_BIT_CONVERSION = YES;
				GCC_WARN_ABOUT_RETURN_TYPE = YES_ERROR;
				GCC_WARN_UNDECLARED_SELECTOR = YES;
				GCC_WARN_UNINITIALIZED_AUTOS = YES_AGGRESSIVE;
				GCC_WARN_UNUSED_FUNCTION = YES;
				GCC_WARN_UNUSED_VARIABLE = YES;
				IPHONEOS_DEPLOYMENT_TARGET = 16.2;
				MTL_ENABLE_DEBUG_INFO = INCLUDE_SOURCE;
				MTL_FAST_MATH = YES;
				ONLY_ACTIVE_ARCH = YES;
				SDKROOT = iphoneos;
				SWIFT_ACTIVE_COMPILATION_CONDITIONS = DEBUG;
				SWIFT_OPTIMIZATION_LEVEL = "-Onone";
			};
			name = Debug;
		};
		4C415C722973321A004CE044 /* Release */ = {
			isa = XCBuildConfiguration;
			buildSettings = {
				ALWAYS_SEARCH_USER_PATHS = NO;
				CLANG_ANALYZER_NONNULL = YES;
				CLANG_ANALYZER_NUMBER_OBJECT_CONVERSION = YES_AGGRESSIVE;
				CLANG_CXX_LANGUAGE_STANDARD = "gnu++20";
				CLANG_ENABLE_MODULES = YES;
				CLANG_ENABLE_OBJC_ARC = YES;
				CLANG_ENABLE_OBJC_WEAK = YES;
				CLANG_WARN_BLOCK_CAPTURE_AUTORELEASING = YES;
				CLANG_WARN_BOOL_CONVERSION = YES;
				CLANG_WARN_COMMA = YES;
				CLANG_WARN_CONSTANT_CONVERSION = YES;
				CLANG_WARN_DEPRECATED_OBJC_IMPLEMENTATIONS = YES;
				CLANG_WARN_DIRECT_OBJC_ISA_USAGE = YES_ERROR;
				CLANG_WARN_DOCUMENTATION_COMMENTS = YES;
				CLANG_WARN_EMPTY_BODY = YES;
				CLANG_WARN_ENUM_CONVERSION = YES;
				CLANG_WARN_INFINITE_RECURSION = YES;
				CLANG_WARN_INT_CONVERSION = YES;
				CLANG_WARN_NON_LITERAL_NULL_CONVERSION = YES;
				CLANG_WARN_OBJC_IMPLICIT_RETAIN_SELF = YES;
				CLANG_WARN_OBJC_LITERAL_CONVERSION = YES;
				CLANG_WARN_OBJC_ROOT_CLASS = YES_ERROR;
				CLANG_WARN_QUOTED_INCLUDE_IN_FRAMEWORK_HEADER = YES;
				CLANG_WARN_RANGE_LOOP_ANALYSIS = YES;
				CLANG_WARN_STRICT_PROTOTYPES = YES;
				CLANG_WARN_SUSPICIOUS_MOVE = YES;
				CLANG_WARN_UNGUARDED_AVAILABILITY = YES_AGGRESSIVE;
				CLANG_WARN_UNREACHABLE_CODE = YES;
				CLANG_WARN__DUPLICATE_METHOD_MATCH = YES;
				COPY_PHASE_STRIP = NO;
				DEBUG_INFORMATION_FORMAT = "dwarf-with-dsym";
				ENABLE_NS_ASSERTIONS = NO;
				ENABLE_STRICT_OBJC_MSGSEND = YES;
				GCC_C_LANGUAGE_STANDARD = gnu11;
				GCC_NO_COMMON_BLOCKS = YES;
				GCC_WARN_64_TO_32_BIT_CONVERSION = YES;
				GCC_WARN_ABOUT_RETURN_TYPE = YES_ERROR;
				GCC_WARN_UNDECLARED_SELECTOR = YES;
				GCC_WARN_UNINITIALIZED_AUTOS = YES_AGGRESSIVE;
				GCC_WARN_UNUSED_FUNCTION = YES;
				GCC_WARN_UNUSED_VARIABLE = YES;
				IPHONEOS_DEPLOYMENT_TARGET = 16.2;
				MTL_ENABLE_DEBUG_INFO = NO;
				MTL_FAST_MATH = YES;
				SDKROOT = iphoneos;
				SWIFT_COMPILATION_MODE = wholemodule;
				SWIFT_OPTIMIZATION_LEVEL = "-O";
				VALIDATE_PRODUCT = YES;
			};
			name = Release;
		};
		4C415C742973321A004CE044 /* Debug */ = {
			isa = XCBuildConfiguration;
			buildSettings = {
				ASSETCATALOG_COMPILER_APPICON_NAME = AppIcon;
				ASSETCATALOG_COMPILER_GLOBAL_ACCENT_COLOR_NAME = AccentColor;
				CODE_SIGN_STYLE = Automatic;
				CURRENT_PROJECT_VERSION = 1;
				DEVELOPMENT_ASSET_PATHS = "\"BibleAI/Preview Content\"";
				ENABLE_PREVIEWS = YES;
				GENERATE_INFOPLIST_FILE = YES;
				INFOPLIST_KEY_UIApplicationSceneManifest_Generation = YES;
				INFOPLIST_KEY_UIApplicationSupportsIndirectInputEvents = YES;
				INFOPLIST_KEY_UILaunchScreen_Generation = YES;
				INFOPLIST_KEY_UISupportedInterfaceOrientations_iPad = "UIInterfaceOrientationPortrait UIInterfaceOrientationPortraitUpsideDown UIInterfaceOrientationLandscapeLeft UIInterfaceOrientationLandscapeRight";
				INFOPLIST_KEY_UISupportedInterfaceOrientations_iPhone = "UIInterfaceOrientationPortrait UIInterfaceOrientationLandscapeLeft UIInterfaceOrientationLandscapeRight";
				LD_RUNPATH_SEARCH_PATHS = (
					"$(inherited)",
					"@executable_path/Frameworks",
				);
				MARKETING_VERSION = 1.0;
				PRODUCT_BUNDLE_IDENTIFIER = com.theearthdiva.BibleAI;
				PRODUCT_NAME = "$(TARGET_NAME)";
				SWIFT_EMIT_LOC_STRINGS = YES;
				SWIFT_VERSION = 5.0;
				TARGETED_DEVICE_FAMILY = "1,2";
			};
			name = Debug;
		};
		4C415C752973321A004CE044 /* Release */ = {
			isa = XCBuildConfiguration;
			buildSettings = {
				ASSETCATALOG_COMPILER_APPICON_NAME = AppIcon;
				ASSETCATALOG_COMPILER_GLOBAL_ACCENT_COLOR_NAME = AccentColor;
				CODE_SIGN_STYLE = Automatic;
				CURRENT_PROJECT_VERSION = 1;
				DEVELOPMENT_ASSET_PATHS = "\"BibleAI/Preview Content\"";
				ENABLE_PREVIEWS = YES;
				GENERATE_INFOPLIST_FILE = YES;
				INFOPLIST_KEY_UIApplicationSceneManifest_Generation = YES;
				INFOPLIST_KEY_UIApplicationSupportsIndirectInputEvents = YES;
				INFOPLIST_KEY_UILaunchScreen_Generation = YES;
				INFOPLIST_KEY_UISupportedInterfaceOrientations_iPad = "UIInterfaceOrientationPortrait UIInterfaceOrientationPortraitUpsideDown UIInterfaceOrientationLandscapeLeft UIInterfaceOrientationLandscapeRight";
				INFOPLIST_KEY_UISupportedInterfaceOrientations_iPhone = "UIInterfaceOrientationPortrait UIInterfaceOrientationLandscapeLeft UIInterfaceOrientationLandscapeRight";
				LD_RUNPATH_SEARCH_PATHS = (
					"$(inherited)",
					"@executable_path/Frameworks",
				);
				MARKETING_VERSION = 1.0;
				PRODUCT_BUNDLE_IDENTIFIER = com.theearthdiva.BibleAI;
				PRODUCT_NAME = "$(TARGET_NAME)";
				SWIFT_EMIT_LOC_STRINGS = YES;
				SWIFT_VERSION = 5.0;
				TARGETED_DEVICE_FAMILY = "1,2";
			};
			name = Release;
		};
		4C415C772973321A004CE044 /* Debug */ = {
			isa = XCBuildConfiguration;
			buildSettings = {
				ALWAYS_EMBED_SWIFT_STANDARD_LIBRARIES = YES;
				BUNDLE_LOADER = "$(TEST_HOST)";
				CODE_SIGN_STYLE = Automatic;
				CURRENT_PROJECT_VERSION = 1;
				GENERATE_INFOPLIST_FILE = YES;
				IPHONEOS_DEPLOYMENT_TARGET = 16.2;
				MARKETING_VERSION = 1.0;
				PRODUCT_BUNDLE_IDENTIFIER = com.theearthdiva.BibleAITests;
				PRODUCT_NAME = "$(TARGET_NAME)";
				SWIFT_EMIT_LOC_STRINGS = NO;
				SWIFT_VERSION = 5.0;
				TARGETED_DEVICE_FAMILY = "1,2";
				TEST_HOST = "$(BUILT_PRODUCTS_DIR)/BibleAI.app/$(BUNDLE_EXECUTABLE_FOLDER_PATH)/BibleAI";
			};
			name = Debug;
		};
		4C415C782973321A004CE044 /* Release */ = {
			isa = XCBuildConfiguration;
			buildSettings = {
				ALWAYS_EMBED_SWIFT_STANDARD_LIBRARIES = YES;
				BUNDLE_LOADER = "$(TEST_HOST)";
				CODE_SIGN_STYLE = Automatic;
				CURRENT_PROJECT_VERSION = 1;
				GENERATE_INFOPLIST_FILE = YES;
				IPHONEOS_DEPLOYMENT_TARGET = 16.2;
				MARKETING_VERSION = 1.0;
				PRODUCT_BUNDLE_IDENTIFIER = com.theearthdiva.BibleAITests;
				PRODUCT_NAME = "$(TARGET_NAME)";
				SWIFT_EMIT_LOC_STRINGS = NO;
				SWIFT_VERSION = 5.0;
				TARGETED_DEVICE_FAMILY = "1,2";
				TEST_HOST = "$(BUILT_PRODUCTS_DIR)/BibleAI.app/$(BUNDLE_EXECUTABLE_FOLDER_PATH)/BibleAI";
			};
			name = Release;
		};
		4C415C7A2973321A004CE044 /* Debug */ = {
			isa = XCBuildConfiguration;
			buildSettings = {
				ALWAYS_EMBED_SWIFT_STANDARD_LIBRARIES = YES;
				CODE_SIGN_STYLE = Automatic;
				CURRENT_PROJECT_VERSION = 1;
				GENERATE_INFOPLIST_FILE = YES;
				MARKETING_VERSION = 1.0;
				PRODUCT_BUNDLE_IDENTIFIER = com.theearthdiva.BibleAIUITests;
				PRODUCT_NAME = "$(TARGET_NAME)";
				SWIFT_EMIT_LOC_STRINGS = NO;
				SWIFT_VERSION = 5.0;
				TARGETED_DEVICE_FAMILY = "1,2";
				TEST_TARGET_NAME = BibleAI;
			};
			name = Debug;
		};
		4C415C7B2973321A004CE044 /* Release */ = {
			isa = XCBuildConfiguration;
			buildSettings = {
				ALWAYS_EMBED_SWIFT_STANDARD_LIBRARIES = YES;
				CODE_SIGN_STYLE = Automatic;
				CURRENT_PROJECT_VERSION = 1;
				GENERATE_INFOPLIST_FILE = YES;
				MARKETING_VERSION = 1.0;
				PRODUCT_BUNDLE_IDENTIFIER = com.theearthdiva.BibleAIUITests;
				PRODUCT_NAME = "$(TARGET_NAME)";
				SWIFT_EMIT_LOC_STRINGS = NO;
				SWIFT_VERSION = 5.0;
				TARGETED_DEVICE_FAMILY = "1,2";
				TEST_TARGET_NAME = BibleAI;
			};
			name = Release;
		};
/* End XCBuildConfiguration section */

/* Begin XCConfigurationList section */
		4C415C4A29733218004CE044 /* Build configuration list for PBXProject "BibleAI" */ = {
			isa = XCConfigurationList;
			buildConfigurations = (
				4C415C712973321A004CE044 /* Debug */,
				4C415C722973321A004CE044 /* Release */,
			);
			defaultConfigurationIsVisible = 0;
			defaultConfigurationName = Release;
		};
		4C415C732973321A004CE044 /* Build configuration list for PBXNativeTarget "BibleAI" */ = {
			isa = XCConfigurationList;
			buildConfigurations = (
				4C415C742973321A004CE044 /* Debug */,
				4C415C752973321A004CE044 /* Release */,
			);
			defaultConfigurationIsVisible = 0;
			defaultConfigurationName = Release;
		};
		4C415C762973321A004CE044 /* Build configuration list for PBXNativeTarget "BibleAITests" */ = {
			isa = XCConfigurationList;
			buildConfigurations = (
				4C415C772973321A004CE044 /* Debug */,
				4C415C782973321A004CE044 /* Release */,
			);
			defaultConfigurationIsVisible = 0;
			defaultConfigurationName = Release;
		};
		4C415C792973321A004CE044 /* Build configuration list for PBXNativeTarget "BibleAIUITests" */ = {
			isa = XCConfigurationList;
			buildConfigurations = (
				4C415C7A2973321A004CE044 /* Debug */,
				4C415C7B2973321A004CE044 /* Release */,
			);
			defaultConfigurationIsVisible = 0;
			defaultConfigurationName = Release;
		};
/* End XCConfigurationList section */

/* Begin XCRemoteSwiftPackageReference section */
		4C415C7C29733252004CE044 /* XCRemoteSwiftPackageReference "OpenAISwift" */ = {
			isa = XCRemoteSwiftPackageReference;
			repositoryURL = "https://github.com/adamrushy/OpenAISwift";
			requirement = {
				branch = main;
				kind = branch;
			};
		};
/* End XCRemoteSwiftPackageReference section */

/* Begin XCSwiftPackageProductDependency section */
		4C415C7D29733252004CE044 /* OpenAISwift */ = {
			isa = XCSwiftPackageProductDependency;
			package = 4C415C7C29733252004CE044 /* XCRemoteSwiftPackageReference "OpenAISwift" */;
			productName = OpenAISwift;
		};
/* End XCSwiftPackageProductDependency section */
	};
	rootObject = 4C415C4729733218004CE044 /* Project object */;
}
